
Microsoft Visual Studio Solution File, Format Version 12.00
# Visual Studio Version 17
VisualStudioVersion = 17.12.35728.132
MinimumVisualStudioVersion = 10.0.40219.1
Project("{FAE04EC0-301F-11D3-BF4B-00C04F79EFBC}") = "FUCourseManagement", "FUCourseManagement\FUCourseManagement.csproj", "{090A21C7-8118-4BB5-B45C-CC8CE7C9A5CE}"
EndProject
Project("{FAE04EC0-301F-11D3-BF4B-00C04F79EFBC}") = "FUBusiness", "FUBusiness\FUBusiness.csproj", "{66931285-DF0B-412B-9A3C-36AAF06FBCA8}"
EndProject
Project("{FAE04EC0-301F-11D3-BF4B-00C04F79EFBC}") = "FUDataAccess", "FUDataAccess\FUDataAccess.csproj", "{4E66EA2B-4EE3-48CB-9CEA-8B10469EC52B}"
EndProject
Project("{FAE04EC0-301F-11D3-BF4B-00C04F79EFBC}") = "Repositories", "Repositories\Repositories.csproj", "{0CABE424-68EB-48DC-B73D-3AC92BE1057A}"
EndProject
Project("{FAE04EC0-301F-11D3-BF4B-00C04F79EFBC}") = "FUCourseManagementRazor", "FUCourseManagementRazor\FUCourseManagementRazor.csproj", "{6970015F-B6E8-4FCB-8221-ECCFBA68FEA6}"
EndProject
Global
	GlobalSection(SolutionConfigurationPlatforms) = preSolution
		Debug|Any CPU = Debug|Any CPU
		Release|Any CPU = Release|Any CPU
	EndGlobalSection
	GlobalSection(ProjectConfigurationPlatforms) = postSolution
		{090A21C7-8118-4BB5-B45C-CC8CE7C9A5CE}.Debug|Any CPU.ActiveCfg = Debug|Any CPU
		{090A21C7-8118-4BB5-B45C-CC8CE7C9A5CE}.Debug|Any CPU.Build.0 = Debug|Any CPU
		{090A21C7-8118-4BB5-B45C-CC8CE7C9A5CE}.Release|Any CPU.ActiveCfg = Release|Any CPU
		{090A21C7-8118-4BB5-B45C-CC8CE7C9A5CE}.Release|Any CPU.Build.0 = Release|Any CPU
		{66931285-DF0B-412B-9A3C-36AAF06FBCA8}.Debug|Any CPU.ActiveCfg = Debug|Any CPU
		{66931285-DF0B-412B-9A3C-36AAF06FBCA8}.Debug|Any CPU.Build.0 = Debug|Any CPU
		{66931285-DF0B-412B-9A3C-36AAF06FBCA8}.Release|Any CPU.ActiveCfg = Release|Any CPU
		{66931285-DF0B-412B-9A3C-36AAF06FBCA8}.Release|Any CPU.Build.0 = Release|Any CPU
		{4E66EA2B-4EE3-48CB-9CEA-8B10469EC52B}.Debug|Any CPU.ActiveCfg = Debug|Any CPU
		{4E66EA2B-4EE3-48CB-9CEA-8B10469EC52B}.Debug|Any CPU.Build.0 = Debug|Any CPU
		{4E66EA2B-4EE3-48CB-9CEA-8B10469EC52B}.Release|Any CPU.ActiveCfg = Release|Any CPU
		{4E66EA2B-4EE3-48CB-9CEA-8B10469EC52B}.Release|Any CPU.Build.0 = Release|Any CPU
		{0CABE424-68EB-48DC-B73D-3AC92BE1057A}.Debug|Any CPU.ActiveCfg = Debug|Any CPU
		{0CABE424-68EB-48DC-B73D-3AC92BE1057A}.Debug|Any CPU.Build.0 = Debug|Any CPU
		{0CABE424-68EB-48DC-B73D-3AC92BE1057A}.Release|Any CPU.ActiveCfg = Release|Any CPU
		{0CABE424-68EB-48DC-B73D-3AC92BE1057A}.Release|Any CPU.Build.0 = Release|Any CPU
		{6970015F-B6E8-4FCB-8221-ECCFBA68FEA6}.Debug|Any CPU.ActiveCfg = Debug|Any CPU
		{6970015F-B6E8-4FCB-8221-ECCFBA68FEA6}.Debug|Any CPU.Build.0 = Debug|Any CPU
		{6970015F-B6E8-4FCB-8221-ECCFBA68FEA6}.Release|Any CPU.ActiveCfg = Release|Any CPU
		{6970015F-B6E8-4FCB-8221-ECCFBA68FEA6}.Release|Any CPU.Build.0 = Release|Any CPU
	EndGlobalSection
	GlobalSection(SolutionProperties) = preSolution
		HideSolutionNode = FALSE
	EndGlobalSection
EndGlobal
